
Microsoft Visual Studio Solution File, Format Version 12.00
# Visual Studio Version 17
VisualStudioVersion = 17.2.32526.322
MinimumVisualStudioVersion = 10.0.40219.1
Project("{FAE04EC0-301F-11D3-BF4B-00C04F79EFBC}") = "UserAuthApi", "UserAuthApi\UserAuthApi.csproj", "{EDEED8C1-1C56-4419-9134-E4B1E7F4BCD5}"
EndProject
Global
	GlobalSection(SolutionConfigurationPlatforms) = preSolution
		Debug|Any CPU = Debug|Any CPU
		Release|Any CPU = Release|Any CPU
	EndGlobalSection
	GlobalSection(ProjectConfigurationPlatforms) = postSolution
		{EDEED8C1-1C56-4419-9134-E4B1E7F4BCD5}.Debug|Any CPU.ActiveCfg = Debug|Any CPU
		{EDEED8C1-1C56-4419-9134-E4B1E7F4BCD5}.Debug|Any CPU.Build.0 = Debug|Any CPU
		{EDEED8C1-1C56-4419-9134-E4B1E7F4BCD5}.Release|Any CPU.ActiveCfg = Release|Any CPU
		{EDEED8C1-1C56-4419-9134-E4B1E7F4BCD5}.Release|Any CPU.Build.0 = Release|Any CPU
	EndGlobalSection
	GlobalSection(SolutionProperties) = preSolution
		HideSolutionNode = FALSE
	EndGlobalSection
	GlobalSection(ExtensibilityGlobals) = postSolution
		SolutionGuid = {89DC3BB5-018D-4BB4-8856-F71008B2E2C6}
	EndGlobalSection
EndGlobal
